
Microsoft Visual Studio Solution File, Format Version 12.00
# Visual Studio Version 17
VisualStudioVersion = 17.0.31903.59
MinimumVisualStudioVersion = 10.0.40219.1
Project("{2150E333-8FDC-42A3-9474-1A3956D46DE8}") = "src", "src", "{827E0CD3-B72D-47B6-A68D-7590B98EB39B}"
EndProject
Project("{FAE04EC0-301F-11D3-BF4B-00C04F79EFBC}") = "LowlandTech.Foundry.PluginCore", "src\LowlandTech.Foundry.PluginCore\LowlandTech.Foundry.PluginCore.csproj", "{CF7ECB4A-86E1-4CCC-82EF-25FCF4E0B5AE}"
EndProject
Project("{FAE04EC0-301F-11D3-BF4B-00C04F79EFBC}") = "LowlandTech.Foundry.Host", "src\LowlandTech.Foundry.Host\LowlandTech.Foundry.Host.csproj", "{8796973E-944E-4723-ACA8-5974970EE8FF}"
EndProject
Project("{FAE04EC0-301F-11D3-BF4B-00C04F79EFBC}") = "LowlandTech.Foundry.SamplePlugin", "src\LowlandTech.Foundry.SamplePlugin\LowlandTech.Foundry.SamplePlugin.csproj", "{632F1DBE-2342-4CDF-9CCB-15A6A401E193}"
EndProject
Project("{FAE04EC0-301F-11D3-BF4B-00C04F79EFBC}") = "LowlandTech.Foundry.PremiumTheme", "src\LowlandTech.Foundry.PremiumTheme\LowlandTech.Foundry.PremiumTheme.csproj", "{D193CF33-EAE3-4D39-A295-FE2EFBE2760B}"
EndProject
Project("{FAE04EC0-301F-11D3-BF4B-00C04F79EFBC}") = "LowlandTech.Foundry.AppHost", "src\LowlandTech.Foundry.AppHost\LowlandTech.Foundry.AppHost.csproj", "{9E143E88-2F2D-4C68-AAA2-C9E5961F291D}"
EndProject
Project("{FAE04EC0-301F-11D3-BF4B-00C04F79EFBC}") = "LowlandTech.Foundry.ServiceDefaults", "src\LowlandTech.Foundry.ServiceDefaults\LowlandTech.Foundry.ServiceDefaults.csproj", "{06E11046-D3B2-4EA8-A184-C8F9948D6784}"
EndProject
Project("{FAE04EC0-301F-11D3-BF4B-00C04F79EFBC}") = "LowlandTech.Foundry.Api", "src\LowlandTech.Foundry.Api\LowlandTech.Foundry.Api.csproj", "{72300FAD-C5BD-49BA-8C37-56863F20D545}"
EndProject
Project("{FAE04EC0-301F-11D3-BF4B-00C04F79EFBC}") = "LowlandTech.Foundry.P2P.Core", "src\LowlandTech.Foundry.P2P.Core\LowlandTech.Foundry.P2P.Core.csproj", "{EE04B64A-846A-4B5E-A1E4-0EFA4221A33F}"
EndProject
Project("{FAE04EC0-301F-11D3-BF4B-00C04F79EFBC}") = "LowlandTech.Foundry.P2P.WebRTC", "src\LowlandTech.Foundry.P2P.WebRTC\LowlandTech.Foundry.P2P.WebRTC.csproj", "{F3CA0993-1A71-4E1D-A5C2-1611C4224D35}"
EndProject
Project("{FAE04EC0-301F-11D3-BF4B-00C04F79EFBC}") = "LowlandTech.Foundry.P2P.Signaling", "src\LowlandTech.Foundry.P2P.Signaling\LowlandTech.Foundry.P2P.Signaling.csproj", "{8340A27E-DB7F-4236-BAFB-83F80CEF1BDE}"
EndProject
Project("{FAE04EC0-301F-11D3-BF4B-00C04F79EFBC}") = "LowlandTech.Foundry.P2P.Crdt", "src\LowlandTech.Foundry.P2P.Crdt\LowlandTech.Foundry.P2P.Crdt.csproj", "{25600834-436B-4E0E-A3C4-8052EE59B774}"
EndProject
Project("{FAE04EC0-301F-11D3-BF4B-00C04F79EFBC}") = "LowlandTech.Foundry.Collaboration", "src\LowlandTech.Foundry.Collaboration\LowlandTech.Foundry.Collaboration.csproj", "{BE2AFC82-205F-4EFC-AF01-96E7576DDBFB}"
EndProject
Project("{FAE04EC0-301F-11D3-BF4B-00C04F79EFBC}") = "LowlandTech.Foundry.Collaboration.UI", "src\LowlandTech.Foundry.Collaboration.UI\LowlandTech.Foundry.Collaboration.UI.csproj", "{9347E9A9-7D01-4F81-B7A1-22AE3C60C4BD}"
EndProject
Global
	GlobalSection(SolutionConfigurationPlatforms) = preSolution
		Debug|Any CPU = Debug|Any CPU
		Debug|x64 = Debug|x64
		Debug|x86 = Debug|x86
		Release|Any CPU = Release|Any CPU
		Release|x64 = Release|x64
		Release|x86 = Release|x86
	EndGlobalSection
	GlobalSection(ProjectConfigurationPlatforms) = postSolution
		{CF7ECB4A-86E1-4CCC-82EF-25FCF4E0B5AE}.Debug|Any CPU.ActiveCfg = Debug|Any CPU
		{CF7ECB4A-86E1-4CCC-82EF-25FCF4E0B5AE}.Debug|Any CPU.Build.0 = Debug|Any CPU
		{CF7ECB4A-86E1-4CCC-82EF-25FCF4E0B5AE}.Debug|x64.ActiveCfg = Debug|Any CPU
		{CF7ECB4A-86E1-4CCC-82EF-25FCF4E0B5AE}.Debug|x64.Build.0 = Debug|Any CPU
		{CF7ECB4A-86E1-4CCC-82EF-25FCF4E0B5AE}.Debug|x86.ActiveCfg = Debug|Any CPU
		{CF7ECB4A-86E1-4CCC-82EF-25FCF4E0B5AE}.Debug|x86.Build.0 = Debug|Any CPU
		{CF7ECB4A-86E1-4CCC-82EF-25FCF4E0B5AE}.Release|Any CPU.ActiveCfg = Release|Any CPU
		{CF7ECB4A-86E1-4CCC-82EF-25FCF4E0B5AE}.Release|Any CPU.Build.0 = Release|Any CPU
		{CF7ECB4A-86E1-4CCC-82EF-25FCF4E0B5AE}.Release|x64.ActiveCfg = Release|Any CPU
		{CF7ECB4A-86E1-4CCC-82EF-25FCF4E0B5AE}.Release|x64.Build.0 = Release|Any CPU
		{CF7ECB4A-86E1-4CCC-82EF-25FCF4E0B5AE}.Release|x86.ActiveCfg = Release|Any CPU
		{CF7ECB4A-86E1-4CCC-82EF-25FCF4E0B5AE}.Release|x86.Build.0 = Release|Any CPU
		{8796973E-944E-4723-ACA8-5974970EE8FF}.Debug|Any CPU.ActiveCfg = Debug|Any CPU
		{8796973E-944E-4723-ACA8-5974970EE8FF}.Debug|Any CPU.Build.0 = Debug|Any CPU
		{8796973E-944E-4723-ACA8-5974970EE8FF}.Debug|x64.ActiveCfg = Debug|Any CPU
		{8796973E-944E-4723-ACA8-5974970EE8FF}.Debug|x64.Build.0 = Debug|Any CPU
		{8796973E-944E-4723-ACA8-5974970EE8FF}.Debug|x86.ActiveCfg = Debug|Any CPU
		{8796973E-944E-4723-ACA8-5974970EE8FF}.Debug|x86.Build.0 = Debug|Any CPU
		{8796973E-944E-4723-ACA8-5974970EE8FF}.Release|Any CPU.ActiveCfg = Release|Any CPU
		{8796973E-944E-4723-ACA8-5974970EE8FF}.Release|Any CPU.Build.0 = Release|Any CPU
		{8796973E-944E-4723-ACA8-5974970EE8FF}.Release|x64.ActiveCfg = Release|Any CPU
		{8796973E-944E-4723-ACA8-5974970EE8FF}.Release|x64.Build.0 = Release|Any CPU
		{8796973E-944E-4723-ACA8-5974970EE8FF}.Release|x86.ActiveCfg = Release|Any CPU
		{8796973E-944E-4723-ACA8-5974970EE8FF}.Release|x86.Build.0 = Release|Any CPU
		{632F1DBE-2342-4CDF-9CCB-15A6A401E193}.Debug|Any CPU.ActiveCfg = Debug|Any CPU
		{632F1DBE-2342-4CDF-9CCB-15A6A401E193}.Debug|Any CPU.Build.0 = Debug|Any CPU
		{632F1DBE-2342-4CDF-9CCB-15A6A401E193}.Debug|x64.ActiveCfg = Debug|Any CPU
		{632F1DBE-2342-4CDF-9CCB-15A6A401E193}.Debug|x64.Build.0 = Debug|Any CPU
		{632F1DBE-2342-4CDF-9CCB-15A6A401E193}.Debug|x86.ActiveCfg = Debug|Any CPU
		{632F1DBE-2342-4CDF-9CCB-15A6A401E193}.Debug|x86.Build.0 = Debug|Any CPU
		{632F1DBE-2342-4CDF-9CCB-15A6A401E193}.Release|Any CPU.ActiveCfg = Release|Any CPU
		{632F1DBE-2342-4CDF-9CCB-15A6A401E193}.Release|Any CPU.Build.0 = Release|Any CPU
		{632F1DBE-2342-4CDF-9CCB-15A6A401E193}.Release|x64.ActiveCfg = Release|Any CPU
		{632F1DBE-2342-4CDF-9CCB-15A6A401E193}.Release|x64.Build.0 = Release|Any CPU
		{632F1DBE-2342-4CDF-9CCB-15A6A401E193}.Release|x86.ActiveCfg = Release|Any CPU
		{632F1DBE-2342-4CDF-9CCB-15A6A401E193}.Release|x86.Build.0 = Release|Any CPU
		{D193CF33-EAE3-4D39-A295-FE2EFBE2760B}.Debug|Any CPU.ActiveCfg = Debug|Any CPU
		{D193CF33-EAE3-4D39-A295-FE2EFBE2760B}.Debug|Any CPU.Build.0 = Debug|Any CPU
		{D193CF33-EAE3-4D39-A295-FE2EFBE2760B}.Debug|x64.ActiveCfg = Debug|Any CPU
		{D193CF33-EAE3-4D39-A295-FE2EFBE2760B}.Debug|x64.Build.0 = Debug|Any CPU
		{D193CF33-EAE3-4D39-A295-FE2EFBE2760B}.Debug|x86.ActiveCfg = Debug|Any CPU
		{D193CF33-EAE3-4D39-A295-FE2EFBE2760B}.Debug|x86.Build.0 = Debug|Any CPU
		{D193CF33-EAE3-4D39-A295-FE2EFBE2760B}.Release|Any CPU.ActiveCfg = Release|Any CPU
		{D193CF33-EAE3-4D39-A295-FE2EFBE2760B}.Release|Any CPU.Build.0 = Release|Any CPU
		{D193CF33-EAE3-4D39-A295-FE2EFBE2760B}.Release|x64.ActiveCfg = Release|Any CPU
		{D193CF33-EAE3-4D39-A295-FE2EFBE2760B}.Release|x64.Build.0 = Release|Any CPU
		{D193CF33-EAE3-4D39-A295-FE2EFBE2760B}.Release|x86.ActiveCfg = Release|Any CPU
		{D193CF33-EAE3-4D39-A295-FE2EFBE2760B}.Release|x86.Build.0 = Release|Any CPU
		{9E143E88-2F2D-4C68-AAA2-C9E5961F291D}.Debug|Any CPU.ActiveCfg = Debug|Any CPU
		{9E143E88-2F2D-4C68-AAA2-C9E5961F291D}.Debug|Any CPU.Build.0 = Debug|Any CPU
		{9E143E88-2F2D-4C68-AAA2-C9E5961F291D}.Debug|x64.ActiveCfg = Debug|Any CPU
		{9E143E88-2F2D-4C68-AAA2-C9E5961F291D}.Debug|x64.Build.0 = Debug|Any CPU
		{9E143E88-2F2D-4C68-AAA2-C9E5961F291D}.Debug|x86.ActiveCfg = Debug|Any CPU
		{9E143E88-2F2D-4C68-AAA2-C9E5961F291D}.Debug|x86.Build.0 = Debug|Any CPU
		{9E143E88-2F2D-4C68-AAA2-C9E5961F291D}.Release|Any CPU.ActiveCfg = Release|Any CPU
		{9E143E88-2F2D-4C68-AAA2-C9E5961F291D}.Release|Any CPU.Build.0 = Release|Any CPU
		{9E143E88-2F2D-4C68-AAA2-C9E5961F291D}.Release|x64.ActiveCfg = Release|Any CPU
		{9E143E88-2F2D-4C68-AAA2-C9E5961F291D}.Release|x64.Build.0 = Release|Any CPU
		{9E143E88-2F2D-4C68-AAA2-C9E5961F291D}.Release|x86.ActiveCfg = Release|Any CPU
		{9E143E88-2F2D-4C68-AAA2-C9E5961F291D}.Release|x86.Build.0 = Release|Any CPU
		{06E11046-D3B2-4EA8-A184-C8F9948D6784}.Debug|Any CPU.ActiveCfg = Debug|Any CPU
		{06E11046-D3B2-4EA8-A184-C8F9948D6784}.Debug|Any CPU.Build.0 = Debug|Any CPU
		{06E11046-D3B2-4EA8-A184-C8F9948D6784}.Debug|x64.ActiveCfg = Debug|Any CPU
		{06E11046-D3B2-4EA8-A184-C8F9948D6784}.Debug|x64.Build.0 = Debug|Any CPU
		{06E11046-D3B2-4EA8-A184-C8F9948D6784}.Debug|x86.ActiveCfg = Debug|Any CPU
		{06E11046-D3B2-4EA8-A184-C8F9948D6784}.Debug|x86.Build.0 = Debug|Any CPU
		{06E11046-D3B2-4EA8-A184-C8F9948D6784}.Release|Any CPU.ActiveCfg = Release|Any CPU
		{06E11046-D3B2-4EA8-A184-C8F9948D6784}.Release|Any CPU.Build.0 = Release|Any CPU
		{06E11046-D3B2-4EA8-A184-C8F9948D6784}.Release|x64.ActiveCfg = Release|Any CPU
		{06E11046-D3B2-4EA8-A184-C8F9948D6784}.Release|x64.Build.0 = Release|Any CPU
		{06E11046-D3B2-4EA8-A184-C8F9948D6784}.Release|x86.ActiveCfg = Release|Any CPU
		{06E11046-D3B2-4EA8-A184-C8F9948D6784}.Release|x86.Build.0 = Release|Any CPU
		{72300FAD-C5BD-49BA-8C37-56863F20D545}.Debug|Any CPU.ActiveCfg = Debug|Any CPU
		{72300FAD-C5BD-49BA-8C37-56863F20D545}.Debug|Any CPU.Build.0 = Debug|Any CPU
		{72300FAD-C5BD-49BA-8C37-56863F20D545}.Debug|x64.ActiveCfg = Debug|Any CPU
		{72300FAD-C5BD-49BA-8C37-56863F20D545}.Debug|x64.Build.0 = Debug|Any CPU
		{72300FAD-C5BD-49BA-8C37-56863F20D545}.Debug|x86.ActiveCfg = Debug|Any CPU
		{72300FAD-C5BD-49BA-8C37-56863F20D545}.Debug|x86.Build.0 = Debug|Any CPU
		{72300FAD-C5BD-49BA-8C37-56863F20D545}.Release|Any CPU.ActiveCfg = Release|Any CPU
		{72300FAD-C5BD-49BA-8C37-56863F20D545}.Release|Any CPU.Build.0 = Release|Any CPU
		{72300FAD-C5BD-49BA-8C37-56863F20D545}.Release|x64.ActiveCfg = Release|Any CPU
		{72300FAD-C5BD-49BA-8C37-56863F20D545}.Release|x64.Build.0 = Release|Any CPU
		{72300FAD-C5BD-49BA-8C37-56863F20D545}.Release|x86.ActiveCfg = Release|Any CPU
		{72300FAD-C5BD-49BA-8C37-56863F20D545}.Release|x86.Build.0 = Release|Any CPU
		{EE04B64A-846A-4B5E-A1E4-0EFA4221A33F}.Debug|Any CPU.ActiveCfg = Debug|Any CPU
		{EE04B64A-846A-4B5E-A1E4-0EFA4221A33F}.Debug|Any CPU.Build.0 = Debug|Any CPU
		{EE04B64A-846A-4B5E-A1E4-0EFA4221A33F}.Debug|x64.ActiveCfg = Debug|Any CPU
		{EE04B64A-846A-4B5E-A1E4-0EFA4221A33F}.Debug|x64.Build.0 = Debug|Any CPU
		{EE04B64A-846A-4B5E-A1E4-0EFA4221A33F}.Debug|x86.ActiveCfg = Debug|Any CPU
		{EE04B64A-846A-4B5E-A1E4-0EFA4221A33F}.Debug|x86.Build.0 = Debug|Any CPU
		{EE04B64A-846A-4B5E-A1E4-0EFA4221A33F}.Release|Any CPU.ActiveCfg = Release|Any CPU
		{EE04B64A-846A-4B5E-A1E4-0EFA4221A33F}.Release|Any CPU.Build.0 = Release|Any CPU
		{EE04B64A-846A-4B5E-A1E4-0EFA4221A33F}.Release|x64.ActiveCfg = Release|Any CPU
		{EE04B64A-846A-4B5E-A1E4-0EFA4221A33F}.Release|x64.Build.0 = Release|Any CPU
		{EE04B64A-846A-4B5E-A1E4-0EFA4221A33F}.Release|x86.ActiveCfg = Release|Any CPU
		{EE04B64A-846A-4B5E-A1E4-0EFA4221A33F}.Release|x86.Build.0 = Release|Any CPU
		{F3CA0993-1A71-4E1D-A5C2-1611C4224D35}.Debug|Any CPU.ActiveCfg = Debug|Any CPU
		{F3CA0993-1A71-4E1D-A5C2-1611C4224D35}.Debug|Any CPU.Build.0 = Debug|Any CPU
		{F3CA0993-1A71-4E1D-A5C2-1611C4224D35}.Debug|x64.ActiveCfg = Debug|Any CPU
		{F3CA0993-1A71-4E1D-A5C2-1611C4224D35}.Debug|x64.Build.0 = Debug|Any CPU
		{F3CA0993-1A71-4E1D-A5C2-1611C4224D35}.Debug|x86.ActiveCfg = Debug|Any CPU
		{F3CA0993-1A71-4E1D-A5C2-1611C4224D35}.Debug|x86.Build.0 = Debug|Any CPU
		{F3CA0993-1A71-4E1D-A5C2-1611C4224D35}.Release|Any CPU.ActiveCfg = Release|Any CPU
		{F3CA0993-1A71-4E1D-A5C2-1611C4224D35}.Release|Any CPU.Build.0 = Release|Any CPU
		{F3CA0993-1A71-4E1D-A5C2-1611C4224D35}.Release|x64.ActiveCfg = Release|Any CPU
		{F3CA0993-1A71-4E1D-A5C2-1611C4224D35}.Release|x64.Build.0 = Release|Any CPU
		{F3CA0993-1A71-4E1D-A5C2-1611C4224D35}.Release|x86.ActiveCfg = Release|Any CPU
		{F3CA0993-1A71-4E1D-A5C2-1611C4224D35}.Release|x86.Build.0 = Release|Any CPU
		{8340A27E-DB7F-4236-BAFB-83F80CEF1BDE}.Debug|Any CPU.ActiveCfg = Debug|Any CPU
		{8340A27E-DB7F-4236-BAFB-83F80CEF1BDE}.Debug|Any CPU.Build.0 = Debug|Any CPU
		{8340A27E-DB7F-4236-BAFB-83F80CEF1BDE}.Debug|x64.ActiveCfg = Debug|Any CPU
		{8340A27E-DB7F-4236-BAFB-83F80CEF1BDE}.Debug|x64.Build.0 = Debug|Any CPU
		{8340A27E-DB7F-4236-BAFB-83F80CEF1BDE}.Debug|x86.ActiveCfg = Debug|Any CPU
		{8340A27E-DB7F-4236-BAFB-83F80CEF1BDE}.Debug|x86.Build.0 = Debug|Any CPU
		{8340A27E-DB7F-4236-BAFB-83F80CEF1BDE}.Release|Any CPU.ActiveCfg = Release|Any CPU
		{8340A27E-DB7F-4236-BAFB-83F80CEF1BDE}.Release|Any CPU.Build.0 = Release|Any CPU
		{8340A27E-DB7F-4236-BAFB-83F80CEF1BDE}.Release|x64.ActiveCfg = Release|Any CPU
		{8340A27E-DB7F-4236-BAFB-83F80CEF1BDE}.Release|x64.Build.0 = Release|Any CPU
		{8340A27E-DB7F-4236-BAFB-83F80CEF1BDE}.Release|x86.ActiveCfg = Release|Any CPU
		{8340A27E-DB7F-4236-BAFB-83F80CEF1BDE}.Release|x86.Build.0 = Release|Any CPU
		{25600834-436B-4E0E-A3C4-8052EE59B774}.Debug|Any CPU.ActiveCfg = Debug|Any CPU
		{25600834-436B-4E0E-A3C4-8052EE59B774}.Debug|Any CPU.Build.0 = Debug|Any CPU
		{25600834-436B-4E0E-A3C4-8052EE59B774}.Debug|x64.ActiveCfg = Debug|Any CPU
		{25600834-436B-4E0E-A3C4-8052EE59B774}.Debug|x64.Build.0 = Debug|Any CPU
		{25600834-436B-4E0E-A3C4-8052EE59B774}.Debug|x86.ActiveCfg = Debug|Any CPU
		{25600834-436B-4E0E-A3C4-8052EE59B774}.Debug|x86.Build.0 = Debug|Any CPU
		{25600834-436B-4E0E-A3C4-8052EE59B774}.Release|Any CPU.ActiveCfg = Release|Any CPU
		{25600834-436B-4E0E-A3C4-8052EE59B774}.Release|Any CPU.Build.0 = Release|Any CPU
		{25600834-436B-4E0E-A3C4-8052EE59B774}.Release|x64.ActiveCfg = Release|Any CPU
		{25600834-436B-4E0E-A3C4-8052EE59B774}.Release|x64.Build.0 = Release|Any CPU
		{25600834-436B-4E0E-A3C4-8052EE59B774}.Release|x86.ActiveCfg = Release|Any CPU
		{25600834-436B-4E0E-A3C4-8052EE59B774}.Release|x86.Build.0 = Release|Any CPU
		{BE2AFC82-205F-4EFC-AF01-96E7576DDBFB}.Debug|Any CPU.ActiveCfg = Debug|Any CPU
		{BE2AFC82-205F-4EFC-AF01-96E7576DDBFB}.Debug|Any CPU.Build.0 = Debug|Any CPU
		{BE2AFC82-205F-4EFC-AF01-96E7576DDBFB}.Debug|x64.ActiveCfg = Debug|Any CPU
		{BE2AFC82-205F-4EFC-AF01-96E7576DDBFB}.Debug|x64.Build.0 = Debug|Any CPU
		{BE2AFC82-205F-4EFC-AF01-96E7576DDBFB}.Debug|x86.ActiveCfg = Debug|Any CPU
		{BE2AFC82-205F-4EFC-AF01-96E7576DDBFB}.Debug|x86.Build.0 = Debug|Any CPU
		{BE2AFC82-205F-4EFC-AF01-96E7576DDBFB}.Release|Any CPU.ActiveCfg = Release|Any CPU
		{BE2AFC82-205F-4EFC-AF01-96E7576DDBFB}.Release|Any CPU.Build.0 = Release|Any CPU
		{BE2AFC82-205F-4EFC-AF01-96E7576DDBFB}.Release|x64.ActiveCfg = Release|Any CPU
		{BE2AFC82-205F-4EFC-AF01-96E7576DDBFB}.Release|x64.Build.0 = Release|Any CPU
		{BE2AFC82-205F-4EFC-AF01-96E7576DDBFB}.Release|x86.ActiveCfg = Release|Any CPU
		{BE2AFC82-205F-4EFC-AF01-96E7576DDBFB}.Release|x86.Build.0 = Release|Any CPU
		{9347E9A9-7D01-4F81-B7A1-22AE3C60C4BD}.Debug|Any CPU.ActiveCfg = Debug|Any CPU
		{9347E9A9-7D01-4F81-B7A1-22AE3C60C4BD}.Debug|Any CPU.Build.0 = Debug|Any CPU
		{9347E9A9-7D01-4F81-B7A1-22AE3C60C4BD}.Debug|x64.ActiveCfg = Debug|Any CPU
		{9347E9A9-7D01-4F81-B7A1-22AE3C60C4BD}.Debug|x64.Build.0 = Debug|Any CPU
		{9347E9A9-7D01-4F81-B7A1-22AE3C60C4BD}.Debug|x86.ActiveCfg = Debug|Any CPU
		{9347E9A9-7D01-4F81-B7A1-22AE3C60C4BD}.Debug|x86.Build.0 = Debug|Any CPU
		{9347E9A9-7D01-4F81-B7A1-22AE3C60C4BD}.Release|Any CPU.ActiveCfg = Release|Any CPU
		{9347E9A9-7D01-4F81-B7A1-22AE3C60C4BD}.Release|Any CPU.Build.0 = Release|Any CPU
		{9347E9A9-7D01-4F81-B7A1-22AE3C60C4BD}.Release|x64.ActiveCfg = Release|Any CPU
		{9347E9A9-7D01-4F81-B7A1-22AE3C60C4BD}.Release|x64.Build.0 = Release|Any CPU
		{9347E9A9-7D01-4F81-B7A1-22AE3C60C4BD}.Release|x86.ActiveCfg = Release|Any CPU
		{9347E9A9-7D01-4F81-B7A1-22AE3C60C4BD}.Release|x86.Build.0 = Release|Any CPU
	EndGlobalSection
	GlobalSection(SolutionProperties) = preSolution
		HideSolutionNode = FALSE
	EndGlobalSection
	GlobalSection(NestedProjects) = preSolution
		{CF7ECB4A-86E1-4CCC-82EF-25FCF4E0B5AE} = {827E0CD3-B72D-47B6-A68D-7590B98EB39B}
		{8796973E-944E-4723-ACA8-5974970EE8FF} = {827E0CD3-B72D-47B6-A68D-7590B98EB39B}
		{632F1DBE-2342-4CDF-9CCB-15A6A401E193} = {827E0CD3-B72D-47B6-A68D-7590B98EB39B}
		{D193CF33-EAE3-4D39-A295-FE2EFBE2760B} = {827E0CD3-B72D-47B6-A68D-7590B98EB39B}
		{9E143E88-2F2D-4C68-AAA2-C9E5961F291D} = {827E0CD3-B72D-47B6-A68D-7590B98EB39B}
		{06E11046-D3B2-4EA8-A184-C8F9948D6784} = {827E0CD3-B72D-47B6-A68D-7590B98EB39B}
		{72300FAD-C5BD-49BA-8C37-56863F20D545} = {827E0CD3-B72D-47B6-A68D-7590B98EB39B}
		{EE04B64A-846A-4B5E-A1E4-0EFA4221A33F} = {827E0CD3-B72D-47B6-A68D-7590B98EB39B}
		{F3CA0993-1A71-4E1D-A5C2-1611C4224D35} = {827E0CD3-B72D-47B6-A68D-7590B98EB39B}
		{8340A27E-DB7F-4236-BAFB-83F80CEF1BDE} = {827E0CD3-B72D-47B6-A68D-7590B98EB39B}
		{25600834-436B-4E0E-A3C4-8052EE59B774} = {827E0CD3-B72D-47B6-A68D-7590B98EB39B}
		{BE2AFC82-205F-4EFC-AF01-96E7576DDBFB} = {827E0CD3-B72D-47B6-A68D-7590B98EB39B}
		{9347E9A9-7D01-4F81-B7A1-22AE3C60C4BD} = {827E0CD3-B72D-47B6-A68D-7590B98EB39B}
	EndGlobalSection
EndGlobal
