<Solution>
  <Folder Name="/src/frontend/">
    <Project Path="src/frontend/LowlandTech.Foundry.PluginCore/LowlandTech.Foundry.PluginCore.csproj" />
    <Project Path="src/frontend/LowlandTech.Foundry.Host/LowlandTech.Foundry.Host.csproj" />
    <Project Path="src/frontend/LowlandTech.Foundry.P2P/LowlandTech.Foundry.P2P.csproj" />
    <Project Path="src/frontend/LowlandTech.Foundry.Collaboration/LowlandTech.Foundry.Collaboration.csproj" />
  </Folder>
  <Folder Name="/src/backend/">
    <Project Path="src/backend/LowlandTech.Foundry.Api/LowlandTech.Foundry.Api.csproj" />
    <Project Path="src/backend/LowlandTech.Foundry.AppHost/LowlandTech.Foundry.AppHost.csproj" />
    <Project Path="src/backend/LowlandTech.Foundry.ServiceDefaults/LowlandTech.Foundry.ServiceDefaults.csproj" />
    <Project Path="src/backend/LowlandTech.Foundry.P2P.Signaling/LowlandTech.Foundry.P2P.Signaling.csproj" />
  </Folder>
  <Folder Name="/src/examples/">
    <Project Path="src/examples/LowlandTech.Foundry.SamplePlugin/LowlandTech.Foundry.SamplePlugin.csproj" />
    <Project Path="src/examples/LowlandTech.Foundry.PremiumTheme/LowlandTech.Foundry.PremiumTheme.csproj" />
  </Folder>
</Solution>
